// !$*UTF8*$!
{
	archiveVersion = 1;
	classes = {
	};
	objectVersion = 50;
	objects = {

/* Begin PBXBuildFile section */
		AB0CB212241F433F00396015 /* AppDelegate.swift in Sources */ = {isa = PBXBuildFile; fileRef = AB0CB211241F433F00396015 /* AppDelegate.swift */; };
		AB0CB214241F433F00396015 /* SceneDelegate.swift in Sources */ = {isa = PBXBuildFile; fileRef = AB0CB213241F433F00396015 /* SceneDelegate.swift */; };
		AB0CB21B241F434100396015 /* Assets.xcassets in Resources */ = {isa = PBXBuildFile; fileRef = AB0CB21A241F434100396015 /* Assets.xcassets */; };
		AB0CB21E241F434100396015 /* LaunchScreen.storyboard in Resources */ = {isa = PBXBuildFile; fileRef = AB0CB21C241F434100396015 /* LaunchScreen.storyboard */; };
		AB0CB229241F434100396015 /* PhotosAppTests.swift in Sources */ = {isa = PBXBuildFile; fileRef = AB0CB228241F434100396015 /* PhotosAppTests.swift */; };
		AB0CB234241F434100396015 /* PhotosAppUITests.swift in Sources */ = {isa = PBXBuildFile; fileRef = AB0CB233241F434100396015 /* PhotosAppUITests.swift */; };
		AB0CB244241F530300396015 /* PhotoCell.swift in Sources */ = {isa = PBXBuildFile; fileRef = AB0CB243241F530300396015 /* PhotoCell.swift */; };
		AB7CD9442420D6EC00392F6F /* PhotoDataSource.swift in Sources */ = {isa = PBXBuildFile; fileRef = AB7CD9432420D6EC00392F6F /* PhotoDataSource.swift */; };
		AB7CD9462422115A00392F6F /* DoodleImageData.swift in Sources */ = {isa = PBXBuildFile; fileRef = AB7CD9452422115A00392F6F /* DoodleImageData.swift */; };
		AB7CD948242212CE00392F6F /* JsonDecoder.swift in Sources */ = {isa = PBXBuildFile; fileRef = AB7CD947242212CE00392F6F /* JsonDecoder.swift */; };
		AB7CD94C2422866700392F6F /* DateFormatterExtensions.swift in Sources */ = {isa = PBXBuildFile; fileRef = AB7CD94B2422866700392F6F /* DateFormatterExtensions.swift */; };
		AB7CD94F24232A5300392F6F /* DoodleViewController.swift in Sources */ = {isa = PBXBuildFile; fileRef = AB7CD94D24232A5300392F6F /* DoodleViewController.swift */; };
		AB7CD95024232A5300392F6F /* PhotoViewController.swift in Sources */ = {isa = PBXBuildFile; fileRef = AB7CD94E24232A5300392F6F /* PhotoViewController.swift */; };
		AB7CD95224232A6600392F6F /* UIView+FillSuperView.swift in Sources */ = {isa = PBXBuildFile; fileRef = AB7CD95124232A6600392F6F /* UIView+FillSuperView.swift */; };
		C231F8FB24237EE600494624 /* DoodleCell.swift in Sources */ = {isa = PBXBuildFile; fileRef = C231F8FA24237EE600494624 /* DoodleCell.swift */; };
		C231F8FD24237FE900494624 /* DoodleDataSource.swift in Sources */ = {isa = PBXBuildFile; fileRef = C231F8FC24237FE900494624 /* DoodleDataSource.swift */; };
		C2949DD8242105C10037B1C6 /* UICollectionViewExtensions.swift in Sources */ = {isa = PBXBuildFile; fileRef = C2949DD7242105C10037B1C6 /* UICollectionViewExtensions.swift */; };
		C2949DDA2421CC7D0037B1C6 /* NotificationExtensions.swift in Sources */ = {isa = PBXBuildFile; fileRef = C2949DD92421CC7D0037B1C6 /* NotificationExtensions.swift */; };
/* End PBXBuildFile section */

/* Begin PBXContainerItemProxy section */
		AB0CB225241F434100396015 /* PBXContainerItemProxy */ = {
			isa = PBXContainerItemProxy;
			containerPortal = AB0CB206241F433F00396015 /* Project object */;
			proxyType = 1;
			remoteGlobalIDString = AB0CB20D241F433F00396015;
			remoteInfo = PhotosApp;
		};
		AB0CB230241F434100396015 /* PBXContainerItemProxy */ = {
			isa = PBXContainerItemProxy;
			containerPortal = AB0CB206241F433F00396015 /* Project object */;
			proxyType = 1;
			remoteGlobalIDString = AB0CB20D241F433F00396015;
			remoteInfo = PhotosApp;
		};
/* End PBXContainerItemProxy section */

/* Begin PBXFileReference section */
		AB0CB20E241F433F00396015 /* PhotosApp.app */ = {isa = PBXFileReference; explicitFileType = wrapper.application; includeInIndex = 0; path = PhotosApp.app; sourceTree = BUILT_PRODUCTS_DIR; };
		AB0CB211241F433F00396015 /* AppDelegate.swift */ = {isa = PBXFileReference; lastKnownFileType = sourcecode.swift; path = AppDelegate.swift; sourceTree = "<group>"; };
		AB0CB213241F433F00396015 /* SceneDelegate.swift */ = {isa = PBXFileReference; lastKnownFileType = sourcecode.swift; path = SceneDelegate.swift; sourceTree = "<group>"; };
		AB0CB21A241F434100396015 /* Assets.xcassets */ = {isa = PBXFileReference; lastKnownFileType = folder.assetcatalog; path = Assets.xcassets; sourceTree = "<group>"; };
		AB0CB21D241F434100396015 /* Base */ = {isa = PBXFileReference; lastKnownFileType = file.storyboard; name = Base; path = Base.lproj/LaunchScreen.storyboard; sourceTree = "<group>"; };
		AB0CB21F241F434100396015 /* Info.plist */ = {isa = PBXFileReference; lastKnownFileType = text.plist.xml; path = Info.plist; sourceTree = "<group>"; };
		AB0CB224241F434100396015 /* PhotosAppTests.xctest */ = {isa = PBXFileReference; explicitFileType = wrapper.cfbundle; includeInIndex = 0; path = PhotosAppTests.xctest; sourceTree = BUILT_PRODUCTS_DIR; };
		AB0CB228241F434100396015 /* PhotosAppTests.swift */ = {isa = PBXFileReference; lastKnownFileType = sourcecode.swift; path = PhotosAppTests.swift; sourceTree = "<group>"; };
		AB0CB22A241F434100396015 /* Info.plist */ = {isa = PBXFileReference; lastKnownFileType = text.plist.xml; path = Info.plist; sourceTree = "<group>"; };
		AB0CB22F241F434100396015 /* PhotosAppUITests.xctest */ = {isa = PBXFileReference; explicitFileType = wrapper.cfbundle; includeInIndex = 0; path = PhotosAppUITests.xctest; sourceTree = BUILT_PRODUCTS_DIR; };
		AB0CB233241F434100396015 /* PhotosAppUITests.swift */ = {isa = PBXFileReference; lastKnownFileType = sourcecode.swift; path = PhotosAppUITests.swift; sourceTree = "<group>"; };
		AB0CB235241F434100396015 /* Info.plist */ = {isa = PBXFileReference; lastKnownFileType = text.plist.xml; path = Info.plist; sourceTree = "<group>"; };
		AB0CB243241F530300396015 /* PhotoCell.swift */ = {isa = PBXFileReference; lastKnownFileType = sourcecode.swift; path = PhotoCell.swift; sourceTree = "<group>"; };
		AB7CD9432420D6EC00392F6F /* PhotoDataSource.swift */ = {isa = PBXFileReference; lastKnownFileType = sourcecode.swift; path = PhotoDataSource.swift; sourceTree = "<group>"; };
		AB7CD9452422115A00392F6F /* DoodleImageData.swift */ = {isa = PBXFileReference; lastKnownFileType = sourcecode.swift; path = DoodleImageData.swift; sourceTree = "<group>"; };
		AB7CD947242212CE00392F6F /* JsonDecoder.swift */ = {isa = PBXFileReference; lastKnownFileType = sourcecode.swift; path = JsonDecoder.swift; sourceTree = "<group>"; };
		AB7CD94B2422866700392F6F /* DateFormatterExtensions.swift */ = {isa = PBXFileReference; lastKnownFileType = sourcecode.swift; path = DateFormatterExtensions.swift; sourceTree = "<group>"; };
		AB7CD94D24232A5300392F6F /* DoodleViewController.swift */ = {isa = PBXFileReference; fileEncoding = 4; lastKnownFileType = sourcecode.swift; path = DoodleViewController.swift; sourceTree = "<group>"; };
		AB7CD94E24232A5300392F6F /* PhotoViewController.swift */ = {isa = PBXFileReference; fileEncoding = 4; lastKnownFileType = sourcecode.swift; path = PhotoViewController.swift; sourceTree = "<group>"; };
		AB7CD95124232A6600392F6F /* UIView+FillSuperView.swift */ = {isa = PBXFileReference; fileEncoding = 4; lastKnownFileType = sourcecode.swift; path = "UIView+FillSuperView.swift"; sourceTree = "<group>"; };
		C231F8FA24237EE600494624 /* DoodleCell.swift */ = {isa = PBXFileReference; lastKnownFileType = sourcecode.swift; path = DoodleCell.swift; sourceTree = "<group>"; };
		C231F8FC24237FE900494624 /* DoodleDataSource.swift */ = {isa = PBXFileReference; lastKnownFileType = sourcecode.swift; path = DoodleDataSource.swift; sourceTree = "<group>"; };
		C2949DD7242105C10037B1C6 /* UICollectionViewExtensions.swift */ = {isa = PBXFileReference; fileEncoding = 4; lastKnownFileType = sourcecode.swift; path = UICollectionViewExtensions.swift; sourceTree = "<group>"; };
		C2949DD92421CC7D0037B1C6 /* NotificationExtensions.swift */ = {isa = PBXFileReference; lastKnownFileType = sourcecode.swift; path = NotificationExtensions.swift; sourceTree = "<group>"; };
/* End PBXFileReference section */

/* Begin PBXFrameworksBuildPhase section */
		AB0CB20B241F433F00396015 /* Frameworks */ = {
			isa = PBXFrameworksBuildPhase;
			buildActionMask = 2147483647;
			files = (
			);
			runOnlyForDeploymentPostprocessing = 0;
		};
		AB0CB221241F434100396015 /* Frameworks */ = {
			isa = PBXFrameworksBuildPhase;
			buildActionMask = 2147483647;
			files = (
			);
			runOnlyForDeploymentPostprocessing = 0;
		};
		AB0CB22C241F434100396015 /* Frameworks */ = {
			isa = PBXFrameworksBuildPhase;
			buildActionMask = 2147483647;
			files = (
			);
			runOnlyForDeploymentPostprocessing = 0;
		};
/* End PBXFrameworksBuildPhase section */

/* Begin PBXGroup section */
		AB0CB205241F433F00396015 = {
			isa = PBXGroup;
			children = (
				AB0CB210241F433F00396015 /* PhotosApp */,
				AB0CB227241F434100396015 /* PhotosAppTests */,
				AB0CB232241F434100396015 /* PhotosAppUITests */,
				AB0CB20F241F433F00396015 /* Products */,
			);
			sourceTree = "<group>";
		};
		AB0CB20F241F433F00396015 /* Products */ = {
			isa = PBXGroup;
			children = (
				AB0CB20E241F433F00396015 /* PhotosApp.app */,
				AB0CB224241F434100396015 /* PhotosAppTests.xctest */,
				AB0CB22F241F434100396015 /* PhotosAppUITests.xctest */,
			);
			name = Products;
			sourceTree = "<group>";
		};
		AB0CB210241F433F00396015 /* PhotosApp */ = {
			isa = PBXGroup;
			children = (
				C2949DD62421055C0037B1C6 /* Util */,
				AB0CB242241F52D600396015 /* View */,
				AB7CD93E2420D04200392F6F /* Model */,
				AB7CD94E24232A5300392F6F /* PhotoViewController.swift */,
				AB7CD94D24232A5300392F6F /* DoodleViewController.swift */,
				AB0CB211241F433F00396015 /* AppDelegate.swift */,
				AB0CB213241F433F00396015 /* SceneDelegate.swift */,
				AB0CB21A241F434100396015 /* Assets.xcassets */,
				AB0CB21C241F434100396015 /* LaunchScreen.storyboard */,
				AB0CB21F241F434100396015 /* Info.plist */,
			);
			path = PhotosApp;
			sourceTree = "<group>";
		};
		AB0CB227241F434100396015 /* PhotosAppTests */ = {
			isa = PBXGroup;
			children = (
				AB0CB228241F434100396015 /* PhotosAppTests.swift */,
				AB0CB22A241F434100396015 /* Info.plist */,
			);
			path = PhotosAppTests;
			sourceTree = "<group>";
		};
		AB0CB232241F434100396015 /* PhotosAppUITests */ = {
			isa = PBXGroup;
			children = (
				AB0CB233241F434100396015 /* PhotosAppUITests.swift */,
				AB0CB235241F434100396015 /* Info.plist */,
			);
			path = PhotosAppUITests;
			sourceTree = "<group>";
		};
		AB0CB242241F52D600396015 /* View */ = {
			isa = PBXGroup;
			children = (
				AB0CB243241F530300396015 /* PhotoCell.swift */,
				C231F8FA24237EE600494624 /* DoodleCell.swift */,
			);
			path = View;
			sourceTree = "<group>";
		};
		AB7CD93E2420D04200392F6F /* Model */ = {
			isa = PBXGroup;
			children = (
				AB7CD9432420D6EC00392F6F /* PhotoDataSource.swift */,
				C231F8FC24237FE900494624 /* DoodleDataSource.swift */,
				AB7CD9452422115A00392F6F /* DoodleImageData.swift */,
				AB7CD947242212CE00392F6F /* JsonDecoder.swift */,
			);
			path = Model;
			sourceTree = "<group>";
		};
		C2949DD62421055C0037B1C6 /* Util */ = {
			isa = PBXGroup;
			children = (
				AB7CD95124232A6600392F6F /* UIView+FillSuperView.swift */,
				C2949DD7242105C10037B1C6 /* UICollectionViewExtensions.swift */,
				C2949DD92421CC7D0037B1C6 /* NotificationExtensions.swift */,
				AB7CD94B2422866700392F6F /* DateFormatterExtensions.swift */,
			);
			path = Util;
			sourceTree = "<group>";
		};
/* End PBXGroup section */

/* Begin PBXNativeTarget section */
		AB0CB20D241F433F00396015 /* PhotosApp */ = {
			isa = PBXNativeTarget;
			buildConfigurationList = AB0CB238241F434100396015 /* Build configuration list for PBXNativeTarget "PhotosApp" */;
			buildPhases = (
				AB0CB20A241F433F00396015 /* Sources */,
				AB0CB20B241F433F00396015 /* Frameworks */,
				AB0CB20C241F433F00396015 /* Resources */,
			);
			buildRules = (
			);
			dependencies = (
			);
			name = PhotosApp;
			productName = PhotosApp;
			productReference = AB0CB20E241F433F00396015 /* PhotosApp.app */;
			productType = "com.apple.product-type.application";
		};
		AB0CB223241F434100396015 /* PhotosAppTests */ = {
			isa = PBXNativeTarget;
			buildConfigurationList = AB0CB23B241F434100396015 /* Build configuration list for PBXNativeTarget "PhotosAppTests" */;
			buildPhases = (
				AB0CB220241F434100396015 /* Sources */,
				AB0CB221241F434100396015 /* Frameworks */,
				AB0CB222241F434100396015 /* Resources */,
			);
			buildRules = (
			);
			dependencies = (
				AB0CB226241F434100396015 /* PBXTargetDependency */,
			);
			name = PhotosAppTests;
			productName = PhotosAppTests;
			productReference = AB0CB224241F434100396015 /* PhotosAppTests.xctest */;
			productType = "com.apple.product-type.bundle.unit-test";
		};
		AB0CB22E241F434100396015 /* PhotosAppUITests */ = {
			isa = PBXNativeTarget;
			buildConfigurationList = AB0CB23E241F434100396015 /* Build configuration list for PBXNativeTarget "PhotosAppUITests" */;
			buildPhases = (
				AB0CB22B241F434100396015 /* Sources */,
				AB0CB22C241F434100396015 /* Frameworks */,
				AB0CB22D241F434100396015 /* Resources */,
			);
			buildRules = (
			);
			dependencies = (
				AB0CB231241F434100396015 /* PBXTargetDependency */,
			);
			name = PhotosAppUITests;
			productName = PhotosAppUITests;
			productReference = AB0CB22F241F434100396015 /* PhotosAppUITests.xctest */;
			productType = "com.apple.product-type.bundle.ui-testing";
		};
/* End PBXNativeTarget section */

/* Begin PBXProject section */
		AB0CB206241F433F00396015 /* Project object */ = {
			isa = PBXProject;
			attributes = {
				LastSwiftUpdateCheck = 1130;
				LastUpgradeCheck = 1130;
				ORGANIZATIONNAME = "임승혁";
				TargetAttributes = {
					AB0CB20D241F433F00396015 = {
						CreatedOnToolsVersion = 11.3.1;
					};
					AB0CB223241F434100396015 = {
						CreatedOnToolsVersion = 11.3.1;
						TestTargetID = AB0CB20D241F433F00396015;
					};
					AB0CB22E241F434100396015 = {
						CreatedOnToolsVersion = 11.3.1;
						TestTargetID = AB0CB20D241F433F00396015;
					};
				};
			};
			buildConfigurationList = AB0CB209241F433F00396015 /* Build configuration list for PBXProject "PhotosApp" */;
			compatibilityVersion = "Xcode 9.3";
			developmentRegion = en;
			hasScannedForEncodings = 0;
			knownRegions = (
				en,
				Base,
			);
			mainGroup = AB0CB205241F433F00396015;
			productRefGroup = AB0CB20F241F433F00396015 /* Products */;
			projectDirPath = "";
			projectRoot = "";
			targets = (
				AB0CB20D241F433F00396015 /* PhotosApp */,
				AB0CB223241F434100396015 /* PhotosAppTests */,
				AB0CB22E241F434100396015 /* PhotosAppUITests */,
			);
		};
/* End PBXProject section */

/* Begin PBXResourcesBuildPhase section */
		AB0CB20C241F433F00396015 /* Resources */ = {
			isa = PBXResourcesBuildPhase;
			buildActionMask = 2147483647;
			files = (
				AB0CB21E241F434100396015 /* LaunchScreen.storyboard in Resources */,
				AB0CB21B241F434100396015 /* Assets.xcassets in Resources */,
			);
			runOnlyForDeploymentPostprocessing = 0;
		};
		AB0CB222241F434100396015 /* Resources */ = {
			isa = PBXResourcesBuildPhase;
			buildActionMask = 2147483647;
			files = (
			);
			runOnlyForDeploymentPostprocessing = 0;
		};
		AB0CB22D241F434100396015 /* Resources */ = {
			isa = PBXResourcesBuildPhase;
			buildActionMask = 2147483647;
			files = (
			);
			runOnlyForDeploymentPostprocessing = 0;
		};
/* End PBXResourcesBuildPhase section */

/* Begin PBXSourcesBuildPhase section */
		AB0CB20A241F433F00396015 /* Sources */ = {
			isa = PBXSourcesBuildPhase;
			buildActionMask = 2147483647;
			files = (
				AB0CB244241F530300396015 /* PhotoCell.swift in Sources */,
				AB7CD9442420D6EC00392F6F /* PhotoDataSource.swift in Sources */,
				AB7CD95224232A6600392F6F /* UIView+FillSuperView.swift in Sources */,
				AB0CB212241F433F00396015 /* AppDelegate.swift in Sources */,
				C2949DDA2421CC7D0037B1C6 /* NotificationExtensions.swift in Sources */,
				C2949DD8242105C10037B1C6 /* UICollectionViewExtensions.swift in Sources */,
				AB7CD94C2422866700392F6F /* DateFormatterExtensions.swift in Sources */,
				C231F8FB24237EE600494624 /* DoodleCell.swift in Sources */,
				AB0CB214241F433F00396015 /* SceneDelegate.swift in Sources */,
				AB7CD948242212CE00392F6F /* JsonDecoder.swift in Sources */,
				AB7CD9462422115A00392F6F /* DoodleImageData.swift in Sources */,
				C231F8FD24237FE900494624 /* DoodleDataSource.swift in Sources */,
				AB7CD94F24232A5300392F6F /* DoodleViewController.swift in Sources */,
				AB7CD95024232A5300392F6F /* PhotoViewController.swift in Sources */,
			);
			runOnlyForDeploymentPostprocessing = 0;
		};
		AB0CB220241F434100396015 /* Sources */ = {
			isa = PBXSourcesBuildPhase;
			buildActionMask = 2147483647;
			files = (
				AB0CB229241F434100396015 /* PhotosAppTests.swift in Sources */,
			);
			runOnlyForDeploymentPostprocessing = 0;
		};
		AB0CB22B241F434100396015 /* Sources */ = {
			isa = PBXSourcesBuildPhase;
			buildActionMask = 2147483647;
			files = (
				AB0CB234241F434100396015 /* PhotosAppUITests.swift in Sources */,
			);
			runOnlyForDeploymentPostprocessing = 0;
		};
/* End PBXSourcesBuildPhase section */

/* Begin PBXTargetDependency section */
		AB0CB226241F434100396015 /* PBXTargetDependency */ = {
			isa = PBXTargetDependency;
			target = AB0CB20D241F433F00396015 /* PhotosApp */;
			targetProxy = AB0CB225241F434100396015 /* PBXContainerItemProxy */;
		};
		AB0CB231241F434100396015 /* PBXTargetDependency */ = {
			isa = PBXTargetDependency;
			target = AB0CB20D241F433F00396015 /* PhotosApp */;
			targetProxy = AB0CB230241F434100396015 /* PBXContainerItemProxy */;
		};
/* End PBXTargetDependency section */

/* Begin PBXVariantGroup section */
		AB0CB21C241F434100396015 /* LaunchScreen.storyboard */ = {
			isa = PBXVariantGroup;
			children = (
				AB0CB21D241F434100396015 /* Base */,
			);
			name = LaunchScreen.storyboard;
			sourceTree = "<group>";
		};
/* End PBXVariantGroup section */

/* Begin XCBuildConfiguration section */
		AB0CB236241F434100396015 /* Debug */ = {
			isa = XCBuildConfiguration;
			buildSettings = {
				ALWAYS_SEARCH_USER_PATHS = NO;
				CLANG_ANALYZER_NONNULL = YES;
				CLANG_ANALYZER_NUMBER_OBJECT_CONVERSION = YES_AGGRESSIVE;
				CLANG_CXX_LANGUAGE_STANDARD = "gnu++14";
				CLANG_CXX_LIBRARY = "libc++";
				CLANG_ENABLE_MODULES = YES;
				CLANG_ENABLE_OBJC_ARC = YES;
				CLANG_ENABLE_OBJC_WEAK = YES;
				CLANG_WARN_BLOCK_CAPTURE_AUTORELEASING = YES;
				CLANG_WARN_BOOL_CONVERSION = YES;
				CLANG_WARN_COMMA = YES;
				CLANG_WARN_CONSTANT_CONVERSION = YES;
				CLANG_WARN_DEPRECATED_OBJC_IMPLEMENTATIONS = YES;
				CLANG_WARN_DIRECT_OBJC_ISA_USAGE = YES_ERROR;
				CLANG_WARN_DOCUMENTATION_COMMENTS = YES;
				CLANG_WARN_EMPTY_BODY = YES;
				CLANG_WARN_ENUM_CONVERSION = YES;
				CLANG_WARN_INFINITE_RECURSION = YES;
				CLANG_WARN_INT_CONVERSION = YES;
				CLANG_WARN_NON_LITERAL_NULL_CONVERSION = YES;
				CLANG_WARN_OBJC_IMPLICIT_RETAIN_SELF = YES;
				CLANG_WARN_OBJC_LITERAL_CONVERSION = YES;
				CLANG_WARN_OBJC_ROOT_CLASS = YES_ERROR;
				CLANG_WARN_RANGE_LOOP_ANALYSIS = YES;
				CLANG_WARN_STRICT_PROTOTYPES = YES;
				CLANG_WARN_SUSPICIOUS_MOVE = YES;
				CLANG_WARN_UNGUARDED_AVAILABILITY = YES_AGGRESSIVE;
				CLANG_WARN_UNREACHABLE_CODE = YES;
				CLANG_WARN__DUPLICATE_METHOD_MATCH = YES;
				COPY_PHASE_STRIP = NO;
				DEBUG_INFORMATION_FORMAT = dwarf;
				ENABLE_STRICT_OBJC_MSGSEND = YES;
				ENABLE_TESTABILITY = YES;
				GCC_C_LANGUAGE_STANDARD = gnu11;
				GCC_DYNAMIC_NO_PIC = NO;
				GCC_NO_COMMON_BLOCKS = YES;
				GCC_OPTIMIZATION_LEVEL = 0;
				GCC_PREPROCESSOR_DEFINITIONS = (
					"DEBUG=1",
					"$(inherited)",
				);
				GCC_WARN_64_TO_32_BIT_CONVERSION = YES;
				GCC_WARN_ABOUT_RETURN_TYPE = YES_ERROR;
				GCC_WARN_UNDECLARED_SELECTOR = YES;
				GCC_WARN_UNINITIALIZED_AUTOS = YES_AGGRESSIVE;
				GCC_WARN_UNUSED_FUNCTION = YES;
				GCC_WARN_UNUSED_VARIABLE = YES;
				IPHONEOS_DEPLOYMENT_TARGET = 13.2;
				MTL_ENABLE_DEBUG_INFO = INCLUDE_SOURCE;
				MTL_FAST_MATH = YES;
				ONLY_ACTIVE_ARCH = YES;
				SDKROOT = iphoneos;
				SWIFT_ACTIVE_COMPILATION_CONDITIONS = DEBUG;
				SWIFT_OPTIMIZATION_LEVEL = "-Onone";
			};
			name = Debug;
		};
		AB0CB237241F434100396015 /* Release */ = {
			isa = XCBuildConfiguration;
			buildSettings = {
				ALWAYS_SEARCH_USER_PATHS = NO;
				CLANG_ANALYZER_NONNULL = YES;
				CLANG_ANALYZER_NUMBER_OBJECT_CONVERSION = YES_AGGRESSIVE;
				CLANG_CXX_LANGUAGE_STANDARD = "gnu++14";
				CLANG_CXX_LIBRARY = "libc++";
				CLANG_ENABLE_MODULES = YES;
				CLANG_ENABLE_OBJC_ARC = YES;
				CLANG_ENABLE_OBJC_WEAK = YES;
				CLANG_WARN_BLOCK_CAPTURE_AUTORELEASING = YES;
				CLANG_WARN_BOOL_CONVERSION = YES;
				CLANG_WARN_COMMA = YES;
				CLANG_WARN_CONSTANT_CONVERSION = YES;
				CLANG_WARN_DEPRECATED_OBJC_IMPLEMENTATIONS = YES;
				CLANG_WARN_DIRECT_OBJC_ISA_USAGE = YES_ERROR;
				CLANG_WARN_DOCUMENTATION_COMMENTS = YES;
				CLANG_WARN_EMPTY_BODY = YES;
				CLANG_WARN_ENUM_CONVERSION = YES;
				CLANG_WARN_INFINITE_RECURSION = YES;
				CLANG_WARN_INT_CONVERSION = YES;
				CLANG_WARN_NON_LITERAL_NULL_CONVERSION = YES;
				CLANG_WARN_OBJC_IMPLICIT_RETAIN_SELF = YES;
				CLANG_WARN_OBJC_LITERAL_CONVERSION = YES;
				CLANG_WARN_OBJC_ROOT_CLASS = YES_ERROR;
				CLANG_WARN_RANGE_LOOP_ANALYSIS = YES;
				CLANG_WARN_STRICT_PROTOTYPES = YES;
				CLANG_WARN_SUSPICIOUS_MOVE = YES;
				CLANG_WARN_UNGUARDED_AVAILABILITY = YES_AGGRESSIVE;
				CLANG_WARN_UNREACHABLE_CODE = YES;
				CLANG_WARN__DUPLICATE_METHOD_MATCH = YES;
				COPY_PHASE_STRIP = NO;
				DEBUG_INFORMATION_FORMAT = "dwarf-with-dsym";
				ENABLE_NS_ASSERTIONS = NO;
				ENABLE_STRICT_OBJC_MSGSEND = YES;
				GCC_C_LANGUAGE_STANDARD = gnu11;
				GCC_NO_COMMON_BLOCKS = YES;
				GCC_WARN_64_TO_32_BIT_CONVERSION = YES;
				GCC_WARN_ABOUT_RETURN_TYPE = YES_ERROR;
				GCC_WARN_UNDECLARED_SELECTOR = YES;
				GCC_WARN_UNINITIALIZED_AUTOS = YES_AGGRESSIVE;
				GCC_WARN_UNUSED_FUNCTION = YES;
				GCC_WARN_UNUSED_VARIABLE = YES;
				IPHONEOS_DEPLOYMENT_TARGET = 13.2;
				MTL_ENABLE_DEBUG_INFO = NO;
				MTL_FAST_MATH = YES;
				SDKROOT = iphoneos;
				SWIFT_COMPILATION_MODE = wholemodule;
				SWIFT_OPTIMIZATION_LEVEL = "-O";
				VALIDATE_PRODUCT = YES;
			};
			name = Release;
		};
		AB0CB239241F434100396015 /* Debug */ = {
			isa = XCBuildConfiguration;
			buildSettings = {
				ASSETCATALOG_COMPILER_APPICON_NAME = AppIcon;
				CODE_SIGN_STYLE = Automatic;
				INFOPLIST_FILE = PhotosApp/Info.plist;
				LD_RUNPATH_SEARCH_PATHS = (
					"$(inherited)",
					"@executable_path/Frameworks",
				);
				PRODUCT_BUNDLE_IDENTIFIER = Limwin.PhotosApp;
				PRODUCT_NAME = "$(TARGET_NAME)";
				SWIFT_VERSION = 5.0;
				TARGETED_DEVICE_FAMILY = "1,2";
			};
			name = Debug;
		};
		AB0CB23A241F434100396015 /* Release */ = {
			isa = XCBuildConfiguration;
			buildSettings = {
				ASSETCATALOG_COMPILER_APPICON_NAME = AppIcon;
				CODE_SIGN_STYLE = Automatic;
				INFOPLIST_FILE = PhotosApp/Info.plist;
				LD_RUNPATH_SEARCH_PATHS = (
					"$(inherited)",
					"@executable_path/Frameworks",
				);
				PRODUCT_BUNDLE_IDENTIFIER = Limwin.PhotosApp;
				PRODUCT_NAME = "$(TARGET_NAME)";
				SWIFT_VERSION = 5.0;
				TARGETED_DEVICE_FAMILY = "1,2";
			};
			name = Release;
		};
		AB0CB23C241F434100396015 /* Debug */ = {
			isa = XCBuildConfiguration;
			buildSettings = {
				ALWAYS_EMBED_SWIFT_STANDARD_LIBRARIES = YES;
				BUNDLE_LOADER = "$(TEST_HOST)";
				CODE_SIGN_STYLE = Automatic;
				INFOPLIST_FILE = PhotosAppTests/Info.plist;
				IPHONEOS_DEPLOYMENT_TARGET = 13.2;
				LD_RUNPATH_SEARCH_PATHS = (
					"$(inherited)",
					"@executable_path/Frameworks",
					"@loader_path/Frameworks",
				);
				PRODUCT_BUNDLE_IDENTIFIER = Limwin.PhotosAppTests;
				PRODUCT_NAME = "$(TARGET_NAME)";
				SWIFT_VERSION = 5.0;
				TARGETED_DEVICE_FAMILY = "1,2";
				TEST_HOST = "$(BUILT_PRODUCTS_DIR)/PhotosApp.app/PhotosApp";
			};
			name = Debug;
		};
		AB0CB23D241F434100396015 /* Release */ = {
			isa = XCBuildConfiguration;
			buildSettings = {
				ALWAYS_EMBED_SWIFT_STANDARD_LIBRARIES = YES;
				BUNDLE_LOADER = "$(TEST_HOST)";
				CODE_SIGN_STYLE = Automatic;
				INFOPLIST_FILE = PhotosAppTests/Info.plist;
				IPHONEOS_DEPLOYMENT_TARGET = 13.2;
				LD_RUNPATH_SEARCH_PATHS = (
					"$(inherited)",
					"@executable_path/Frameworks",
					"@loader_path/Frameworks",
				);
				PRODUCT_BUNDLE_IDENTIFIER = Limwin.PhotosAppTests;
				PRODUCT_NAME = "$(TARGET_NAME)";
				SWIFT_VERSION = 5.0;
				TARGETED_DEVICE_FAMILY = "1,2";
				TEST_HOST = "$(BUILT_PRODUCTS_DIR)/PhotosApp.app/PhotosApp";
			};
			name = Release;
		};
		AB0CB23F241F434100396015 /* Debug */ = {
			isa = XCBuildConfiguration;
			buildSettings = {
				ALWAYS_EMBED_SWIFT_STANDARD_LIBRARIES = YES;
				CODE_SIGN_STYLE = Automatic;
				INFOPLIST_FILE = PhotosAppUITests/Info.plist;
				LD_RUNPATH_SEARCH_PATHS = (
					"$(inherited)",
					"@executable_path/Frameworks",
					"@loader_path/Frameworks",
				);
				PRODUCT_BUNDLE_IDENTIFIER = Limwin.PhotosAppUITests;
				PRODUCT_NAME = "$(TARGET_NAME)";
				SWIFT_VERSION = 5.0;
				TARGETED_DEVICE_FAMILY = "1,2";
				TEST_TARGET_NAME = PhotosApp;
			};
			name = Debug;
		};
		AB0CB240241F434100396015 /* Release */ = {
			isa = XCBuildConfiguration;
			buildSettings = {
				ALWAYS_EMBED_SWIFT_STANDARD_LIBRARIES = YES;
				CODE_SIGN_STYLE = Automatic;
				INFOPLIST_FILE = PhotosAppUITests/Info.plist;
				LD_RUNPATH_SEARCH_PATHS = (
					"$(inherited)",
					"@executable_path/Frameworks",
					"@loader_path/Frameworks",
				);
				PRODUCT_BUNDLE_IDENTIFIER = Limwin.PhotosAppUITests;
				PRODUCT_NAME = "$(TARGET_NAME)";
				SWIFT_VERSION = 5.0;
				TARGETED_DEVICE_FAMILY = "1,2";
				TEST_TARGET_NAME = PhotosApp;
			};
			name = Release;
		};
/* End XCBuildConfiguration section */

/* Begin XCConfigurationList section */
		AB0CB209241F433F00396015 /* Build configuration list for PBXProject "PhotosApp" */ = {
			isa = XCConfigurationList;
			buildConfigurations = (
				AB0CB236241F434100396015 /* Debug */,
				AB0CB237241F434100396015 /* Release */,
			);
			defaultConfigurationIsVisible = 0;
			defaultConfigurationName = Release;
		};
		AB0CB238241F434100396015 /* Build configuration list for PBXNativeTarget "PhotosApp" */ = {
			isa = XCConfigurationList;
			buildConfigurations = (
				AB0CB239241F434100396015 /* Debug */,
				AB0CB23A241F434100396015 /* Release */,
			);
			defaultConfigurationIsVisible = 0;
			defaultConfigurationName = Release;
		};
		AB0CB23B241F434100396015 /* Build configuration list for PBXNativeTarget "PhotosAppTests" */ = {
			isa = XCConfigurationList;
			buildConfigurations = (
				AB0CB23C241F434100396015 /* Debug */,
				AB0CB23D241F434100396015 /* Release */,
			);
			defaultConfigurationIsVisible = 0;
			defaultConfigurationName = Release;
		};
		AB0CB23E241F434100396015 /* Build configuration list for PBXNativeTarget "PhotosAppUITests" */ = {
			isa = XCConfigurationList;
			buildConfigurations = (
				AB0CB23F241F434100396015 /* Debug */,
				AB0CB240241F434100396015 /* Release */,
			);
			defaultConfigurationIsVisible = 0;
			defaultConfigurationName = Release;
		};
/* End XCConfigurationList section */
	};
	rootObject = AB0CB206241F433F00396015 /* Project object */;
}
